<?xml version="1.0" encoding="utf-8"?>
<Project ToolsVersion="4.0" xmlns="http://schemas.microsoft.com/developer/msbuild/2003">
  <ItemGroup>
    <Filter Include="源文件">
      <UniqueIdentifier>{4FC737F1-C7A5-4376-A066-2A32D752A2FF}</UniqueIdentifier>
      <Extensions>cpp;c;cc;cxx;def;odl;idl;hpj;bat;asm;asmx</Extensions>
    </Filter>
    <Filter Include="头文件">
      <UniqueIdentifier>{93995380-89BD-4b04-88EB-625FBE52EBFB}</UniqueIdentifier>
      <Extensions>h;hh;hpp;hxx;hm;inl;inc;xsd</Extensions>
    </Filter>
    <Filter Include="资源文件">
      <UniqueIdentifier>{67DA6AB6-F800-4c08-8B7A-83BB121AAD01}</UniqueIdentifier>
      <Extensions>rc;ico;cur;bmp;dlg;rc2;rct;bin;rgs;gif;jpg;jpeg;jpe;resx;tiff;tif;png;wav;mfcribbon-ms</Extensions>
    </Filter>
    <Filter Include="基址和偏移">
      <UniqueIdentifier>{12dcebaf-0bb1-43a6-95d5-aa247fce8638}</UniqueIdentifier>
    </Filter>
    <Filter Include="功能数据类">
      <UniqueIdentifier>{f3c4994c-9472-450a-9e79-6d229e492d4b}</UniqueIdentifier>
    </Filter>
    <Filter Include="全局变量和函数">
      <UniqueIdentifier>{a9afe377-5771-4b6b-a142-86344297ac2a}</UniqueIdentifier>
    </Filter>
  </ItemGroup>
  <ItemGroup>
    <Text Include="ReadMe.txt" />
  </ItemGroup>
  <ItemGroup>
    <ClCompile Include="gameInjectDll.cpp">
      <Filter>源文件</Filter>
    </ClCompile>
    <ClCompile Include="stdafx.cpp">
      <Filter>源文件</Filter>
    </ClCompile>
    <ClCompile Include="MainDataDlg.cpp">
      <Filter>源文件</Filter>
    </ClCompile>
    <ClCompile Include="RoleObj.cpp">
      <Filter>功能数据类</Filter>
    </ClCompile>
    <ClCompile Include="BaseStruct.cpp">
      <Filter>功能数据类</Filter>
    </ClCompile>
  </ItemGroup>
  <ItemGroup>
    <ClInclude Include="gameInjectDll.h">
      <Filter>头文件</Filter>
    </ClInclude>
    <ClInclude Include="stdafx.h">
      <Filter>头文件</Filter>
    </ClInclude>
    <ClInclude Include="targetver.h">
      <Filter>头文件</Filter>
    </ClInclude>
    <ClInclude Include="Resource.h">
      <Filter>头文件</Filter>
    </ClInclude>
    <ClInclude Include="MainDataDlg.h">
      <Filter>头文件</Filter>
    </ClInclude>
    <ClInclude Include="RoleObj.h">
      <Filter>功能数据类</Filter>
    </ClInclude>
    <ClInclude Include="BaseStruct.h">
      <Filter>功能数据类</Filter>
    </ClInclude>
    <ClInclude Include="baseAddr.h">
      <Filter>基址和偏移</Filter>
    </ClInclude>
    <ClInclude Include="baseOffset.h">
      <Filter>基址和偏移</Filter>
    </ClInclude>
  </ItemGroup>
  <ItemGroup>
    <None Include="gameInjectDll.def">
      <Filter>源文件</Filter>
    </None>
    <None Include="res\gameInjectDll.rc2">
      <Filter>资源文件</Filter>
    </None>
  </ItemGroup>
  <ItemGroup>
    <ResourceCompile Include="gameInjectDll.rc">
      <Filter>资源文件</Filter>
    </ResourceCompile>
  </ItemGroup>
</Project>